PODS:
  - app_set_id (1.2.1):
    - Flutter
  - app_tracking_transparency (0.0.1):
    - Flutter
  - appsflyer_sdk (6.15.3):
    - AppsFlyerFramework (= 6.15.3)
    - Flutter
  - AppsFlyerFramework (6.15.3):
    - AppsFlyerFramework/Main (= 6.15.3)
  - AppsFlyerFramework/Main (6.15.3)
  - Flutter (1.0.0)
  - flutter_asa_attribution (0.0.1):
    - Flutter
  - flutter_inappwebview_ios (0.0.1):
    - Flutter
    - flutter_inappwebview_ios/Core (= 0.0.1)
    - OrderedSet (~> 6.0.3)
  - flutter_inappwebview_ios/Core (0.0.1):
    - Flutter
    - OrderedSet (~> 6.0.3)
  - flutter_native_splash (2.4.3):
    - Flutter
  - onesignal_flutter (5.3.0):
    - Flutter
    - OneSignalXCFramework (= 5.2.10)
  - OneSignalXCFramework (5.2.10):
    - OneSignalXCFramework/OneSignalComplete (= 5.2.10)
  - OneSignalXCFramework/OneSignal (5.2.10):
    - OneSignalXCFramework/OneSignalCore
    - OneSignalXCFramework/OneSignalExtension
    - OneSignalXCFramework/OneSignalLiveActivities
    - OneSignalXCFramework/OneSignalNotifications
    - OneSignalXCFramework/OneSignalOSCore
    - OneSignalXCFramework/OneSignalOutcomes
    - OneSignalXCFramework/OneSignalUser
  - OneSignalXCFramework/OneSignalComplete (5.2.10):
    - OneSignalXCFramework/OneSignal
    - OneSignalXCFramework/OneSignalInAppMessages
    - OneSignalXCFramework/OneSignalLocation
  - OneSignalXCFramework/OneSignalCore (5.2.10)
  - OneSignalXCFramework/OneSignalExtension (5.2.10):
    - OneSignalXCFramework/OneSignalCore
    - OneSignalXCFramework/OneSignalOutcomes
  - OneSignalXCFramework/OneSignalInAppMessages (5.2.10):
    - OneSignalXCFramework/OneSignalCore
    - OneSignalXCFramework/OneSignalNotifications
    - OneSignalXCFramework/OneSignalOSCore
    - OneSignalXCFramework/OneSignalOutcomes
    - OneSignalXCFramework/OneSignalUser
  - OneSignalXCFramework/OneSignalLiveActivities (5.2.10):
    - OneSignalXCFramework/OneSignalCore
    - OneSignalXCFramework/OneSignalOSCore
    - OneSignalXCFramework/OneSignalUser
  - OneSignalXCFramework/OneSignalLocation (5.2.10):
    - OneSignalXCFramework/OneSignalCore
    - OneSignalXCFramework/OneSignalNotifications
    - OneSignalXCFramework/OneSignalOSCore
    - OneSignalXCFramework/OneSignalUser
  - OneSignalXCFramework/OneSignalNotifications (5.2.10):
    - OneSignalXCFramework/OneSignalCore
    - OneSignalXCFramework/OneSignalExtension
    - OneSignalXCFramework/OneSignalOutcomes
  - OneSignalXCFramework/OneSignalOSCore (5.2.10):
    - OneSignalXCFramework/OneSignalCore
  - OneSignalXCFramework/OneSignalOutcomes (5.2.10):
    - OneSignalXCFramework/OneSignalCore
  - OneSignalXCFramework/OneSignalUser (5.2.10):
    - OneSignalXCFramework/OneSignalCore
    - OneSignalXCFramework/OneSignalNotifications
    - OneSignalXCFramework/OneSignalOSCore
    - OneSignalXCFramework/OneSignalOutcomes
  - OrderedSet (6.0.3)
  - permission_handler_apple (9.3.0):
    - Flutter
  - shared_preferences_foundation (0.0.1):
    - Flutter
    - FlutterMacOS
  - url_launcher_ios (0.0.1):
    - Flutter

DEPENDENCIES:
  - app_set_id (from `.symlinks/plugins/app_set_id/ios`)
  - app_tracking_transparency (from `.symlinks/plugins/app_tracking_transparency/ios`)
  - appsflyer_sdk (from `.symlinks/plugins/appsflyer_sdk/ios`)
  - Flutter (from `Flutter`)
  - flutter_asa_attribution (from `.symlinks/plugins/flutter_asa_attribution/ios`)
  - flutter_inappwebview_ios (from `.symlinks/plugins/flutter_inappwebview_ios/ios`)
  - flutter_native_splash (from `.symlinks/plugins/flutter_native_splash/ios`)
  - onesignal_flutter (from `.symlinks/plugins/onesignal_flutter/ios`)
  - OneSignalXCFramework (< 6.0, >= 5.0.0)
  - permission_handler_apple (from `.symlinks/plugins/permission_handler_apple/ios`)
  - shared_preferences_foundation (from `.symlinks/plugins/shared_preferences_foundation/darwin`)
  - url_launcher_ios (from `.symlinks/plugins/url_launcher_ios/ios`)

SPEC REPOS:
  trunk:
    - AppsFlyerFramework
    - OneSignalXCFramework
    - OrderedSet

EXTERNAL SOURCES:
  app_set_id:
    :path: ".symlinks/plugins/app_set_id/ios"
  app_tracking_transparency:
    :path: ".symlinks/plugins/app_tracking_transparency/ios"
  appsflyer_sdk:
    :path: ".symlinks/plugins/appsflyer_sdk/ios"
  Flutter:
    :path: Flutter
  flutter_asa_attribution:
    :path: ".symlinks/plugins/flutter_asa_attribution/ios"
  flutter_inappwebview_ios:
    :path: ".symlinks/plugins/flutter_inappwebview_ios/ios"
  flutter_native_splash:
    :path: ".symlinks/plugins/flutter_native_splash/ios"
  onesignal_flutter:
    :path: ".symlinks/plugins/onesignal_flutter/ios"
  permission_handler_apple:
    :path: ".symlinks/plugins/permission_handler_apple/ios"
  shared_preferences_foundation:
    :path: ".symlinks/plugins/shared_preferences_foundation/darwin"
  url_launcher_ios:
    :path: ".symlinks/plugins/url_launcher_ios/ios"

SPEC CHECKSUMS:
  app_set_id: e0349a05a0ecc6d5c937d42869aa941f90801c9c
  app_tracking_transparency: e169b653478da7bb15a6c61209015378ca73e375
  appsflyer_sdk: 0132c7cd33db42ce3daf878f02809a9f88756f9f
  AppsFlyerFramework: ad7ff0d22aa36c7f8cc4f71a5424e19b89ccb8ae
  Flutter: e0871f40cf51350855a761d2e70bf5af5b9b5de7
  flutter_asa_attribution: a9553209130f5c506cb458c8a5288eacad2810b8
  flutter_inappwebview_ios: 6f63631e2c62a7c350263b13fa5427aedefe81d4
  flutter_native_splash: df59bb2e1421aa0282cb2e95618af4dcb0c56c29
  onesignal_flutter: c4442bab25faaf3a3ab77cdcd33f4507f10b05b8
  OneSignalXCFramework: 1a3b28dfbff23aabce585796d23c1bef37772774
  OrderedSet: e539b66b644ff081c73a262d24ad552a69be3a94
  permission_handler_apple: 9878588469a2b0d0fc1e048d9f43605f92e6cec2
  shared_preferences_foundation: fcdcbc04712aee1108ac7fda236f363274528f78
  url_launcher_ios: 5334b05cef931de560670eeae103fd3e431ac3fe

PODFILE CHECKSUM: a6a5caed99887fdd0448c9bff626e38cabcd2d06

COCOAPODS: 1.16.2
